
Microsoft Visual Studio Solution File, Format Version 12.00
# Visual Studio Version 17
VisualStudioVersion = 17.14.36623.8 d17.14
MinimumVisualStudioVersion = 10.0.40219.1
Project("{2150E333-8FDC-42A3-9474-1A3956D46DE8}") = "src", "src", "{02EA681E-C7D8-13C7-8484-4AC65E1B71E8}"
EndProject
Project("{FAE04EC0-301F-11D3-BF4B-00C04F79EFBC}") = "MyApp.Application", "MyApp.Application\MyApp.Application.csproj", "{E91B7B29-A9D3-49A2-9ECB-002CDEC6D5F2}"
EndProject
Project("{FAE04EC0-301F-11D3-BF4B-00C04F79EFBC}") = "MyApp.Infrastructure", "MyApp.Infrastructure\MyApp.Infrastructure.csproj", "{61E1E117-2D93-499A-AA0A-49B59F6221D7}"
EndProject
Project("{FAE04EC0-301F-11D3-BF4B-00C04F79EFBC}") = "MyApp.Domain", "MyApp.Domain\MyApp.Domain.csproj", "{7696F5F9-7AD1-45E0-93AC-15C7A301DC6A}"
EndProject
Project("{FAE04EC0-301F-11D3-BF4B-00C04F79EFBC}") = "MyApp.API", "MyApp.API\MyApp.API.csproj", "{01827DCE-AECD-470D-BC16-8B92066371A3}"
EndProject
Global
	GlobalSection(SolutionConfigurationPlatforms) = preSolution
		Debug|Any CPU = Debug|Any CPU
		Release|Any CPU = Release|Any CPU
	EndGlobalSection
	GlobalSection(ProjectConfigurationPlatforms) = postSolution
		{E91B7B29-A9D3-49A2-9ECB-002CDEC6D5F2}.Debug|Any CPU.ActiveCfg = Debug|Any CPU
		{E91B7B29-A9D3-49A2-9ECB-002CDEC6D5F2}.Debug|Any CPU.Build.0 = Debug|Any CPU
		{E91B7B29-A9D3-49A2-9ECB-002CDEC6D5F2}.Release|Any CPU.ActiveCfg = Release|Any CPU
		{E91B7B29-A9D3-49A2-9ECB-002CDEC6D5F2}.Release|Any CPU.Build.0 = Release|Any CPU
		{61E1E117-2D93-499A-AA0A-49B59F6221D7}.Debug|Any CPU.ActiveCfg = Debug|Any CPU
		{61E1E117-2D93-499A-AA0A-49B59F6221D7}.Debug|Any CPU.Build.0 = Debug|Any CPU
		{61E1E117-2D93-499A-AA0A-49B59F6221D7}.Release|Any CPU.ActiveCfg = Release|Any CPU
		{61E1E117-2D93-499A-AA0A-49B59F6221D7}.Release|Any CPU.Build.0 = Release|Any CPU
		{7696F5F9-7AD1-45E0-93AC-15C7A301DC6A}.Debug|Any CPU.ActiveCfg = Debug|Any CPU
		{7696F5F9-7AD1-45E0-93AC-15C7A301DC6A}.Debug|Any CPU.Build.0 = Debug|Any CPU
		{7696F5F9-7AD1-45E0-93AC-15C7A301DC6A}.Release|Any CPU.ActiveCfg = Release|Any CPU
		{7696F5F9-7AD1-45E0-93AC-15C7A301DC6A}.Release|Any CPU.Build.0 = Release|Any CPU
		{01827DCE-AECD-470D-BC16-8B92066371A3}.Debug|Any CPU.ActiveCfg = Debug|Any CPU
		{01827DCE-AECD-470D-BC16-8B92066371A3}.Debug|Any CPU.Build.0 = Debug|Any CPU
		{01827DCE-AECD-470D-BC16-8B92066371A3}.Release|Any CPU.ActiveCfg = Release|Any CPU
		{01827DCE-AECD-470D-BC16-8B92066371A3}.Release|Any CPU.Build.0 = Release|Any CPU
	EndGlobalSection
	GlobalSection(SolutionProperties) = preSolution
		HideSolutionNode = FALSE
	EndGlobalSection
	GlobalSection(NestedProjects) = preSolution
		{E91B7B29-A9D3-49A2-9ECB-002CDEC6D5F2} = {02EA681E-C7D8-13C7-8484-4AC65E1B71E8}
		{61E1E117-2D93-499A-AA0A-49B59F6221D7} = {02EA681E-C7D8-13C7-8484-4AC65E1B71E8}
		{7696F5F9-7AD1-45E0-93AC-15C7A301DC6A} = {02EA681E-C7D8-13C7-8484-4AC65E1B71E8}
		{01827DCE-AECD-470D-BC16-8B92066371A3} = {02EA681E-C7D8-13C7-8484-4AC65E1B71E8}
	EndGlobalSection
	GlobalSection(ExtensibilityGlobals) = postSolution
		SolutionGuid = {F62B95F3-C2CB-43C7-9C8B-071928D1816E}
	EndGlobalSection
EndGlobal
